
Microsoft Visual Studio Solution File, Format Version 12.00
# Visual Studio 15
VisualStudioVersion = 15.0.28307.705
MinimumVisualStudioVersion = 10.0.40219.1
Project("{FAE04EC0-301F-11D3-BF4B-00C04F79EFBC}") = "MyWebShop.Web", "MyWebShop.Web\MyWebShop.Web.csproj", "{FB66D5A0-739C-4428-A6DD-73D0EDBD37FE}"
EndProject
Project("{FAE04EC0-301F-11D3-BF4B-00C04F79EFBC}") = "MyWebShop.Web.Tests", "MyWebShop.Web.Tests\MyWebShop.Web.Tests.csproj", "{2EC7514A-66F6-4C88-90CA-1E10FD43B4FE}"
EndProject
Global
	GlobalSection(SolutionConfigurationPlatforms) = preSolution
		Debug|Any CPU = Debug|Any CPU
		Release|Any CPU = Release|Any CPU
	EndGlobalSection
	GlobalSection(ProjectConfigurationPlatforms) = postSolution
		{FB66D5A0-739C-4428-A6DD-73D0EDBD37FE}.Debug|Any CPU.ActiveCfg = Debug|Any CPU
		{FB66D5A0-739C-4428-A6DD-73D0EDBD37FE}.Debug|Any CPU.Build.0 = Debug|Any CPU
		{FB66D5A0-739C-4428-A6DD-73D0EDBD37FE}.Release|Any CPU.ActiveCfg = Release|Any CPU
		{FB66D5A0-739C-4428-A6DD-73D0EDBD37FE}.Release|Any CPU.Build.0 = Release|Any CPU
		{2EC7514A-66F6-4C88-90CA-1E10FD43B4FE}.Debug|Any CPU.ActiveCfg = Debug|Any CPU
		{2EC7514A-66F6-4C88-90CA-1E10FD43B4FE}.Debug|Any CPU.Build.0 = Debug|Any CPU
		{2EC7514A-66F6-4C88-90CA-1E10FD43B4FE}.Release|Any CPU.ActiveCfg = Release|Any CPU
		{2EC7514A-66F6-4C88-90CA-1E10FD43B4FE}.Release|Any CPU.Build.0 = Release|Any CPU
	EndGlobalSection
	GlobalSection(SolutionProperties) = preSolution
		HideSolutionNode = FALSE
	EndGlobalSection
	GlobalSection(ExtensibilityGlobals) = postSolution
		SolutionGuid = {96CB579C-8989-4110-B77C-3A11A2580618}
	EndGlobalSection
EndGlobal
